
Microsoft Visual Studio Solution File, Format Version 12.00
# Visual Studio Version 17
VisualStudioVersion = 17.12.35506.116
MinimumVisualStudioVersion = 10.0.40219.1
Project("{F184B08F-C81C-45F6-A57F-5ABD9991F28F}") = "EcopathDetails", "EcopathDetails.vbproj", "{6A19DE9A-E8FD-4B74-BAC5-C28D36920621}"
EndProject
Global
	GlobalSection(SolutionConfigurationPlatforms) = preSolution
		Debug|Any CPU = Debug|Any CPU
		Debug|x64 = Debug|x64
		Debug|x86 = Debug|x86
		Release|Any CPU = Release|Any CPU
		Release|x64 = Release|x64
		Release|x86 = Release|x86
	EndGlobalSection
	GlobalSection(ProjectConfigurationPlatforms) = postSolution
		{6A19DE9A-E8FD-4B74-BAC5-C28D36920621}.Debug|Any CPU.ActiveCfg = Debug|x86
		{6A19DE9A-E8FD-4B74-BAC5-C28D36920621}.Debug|Any CPU.Build.0 = Debug|x86
		{6A19DE9A-E8FD-4B74-BAC5-C28D36920621}.Debug|x64.ActiveCfg = Debug|x64
		{6A19DE9A-E8FD-4B74-BAC5-C28D36920621}.Debug|x64.Build.0 = Debug|x64
		{6A19DE9A-E8FD-4B74-BAC5-C28D36920621}.Debug|x86.ActiveCfg = Debug|x86
		{6A19DE9A-E8FD-4B74-BAC5-C28D36920621}.Debug|x86.Build.0 = Debug|x86
		{6A19DE9A-E8FD-4B74-BAC5-C28D36920621}.Release|Any CPU.ActiveCfg = Release|x86
		{6A19DE9A-E8FD-4B74-BAC5-C28D36920621}.Release|x64.ActiveCfg = Release|x86
		{6A19DE9A-E8FD-4B74-BAC5-C28D36920621}.Release|x86.ActiveCfg = Release|x86
		{6A19DE9A-E8FD-4B74-BAC5-C28D36920621}.Release|x86.Build.0 = Release|x86
	EndGlobalSection
	GlobalSection(SolutionProperties) = preSolution
		HideSolutionNode = FALSE
	EndGlobalSection
	GlobalSection(ExtensibilityGlobals) = postSolution
		SolutionGuid = {A73D2FA8-815D-45E0-B562-F29613C5FFC3}
	EndGlobalSection
EndGlobal
