
Microsoft Visual Studio Solution File, Format Version 11.00
# Visual Studio 2010
Project("{F184B08F-C81C-45F6-A57F-5ABD9991F28F}") = "ScientificInterfaceShared", "ScientificInterfaceShared\ScientificInterfaceShared.vbproj", "{70AF596E-7D27-4D39-BDE7-89D4525BD60F}"
EndProject
Project("{F184B08F-C81C-45F6-A57F-5ABD9991F28F}") = "ScientificInterface", "ScientificInterface\ScientificInterface.vbproj", "{F24972EB-7291-497E-B4D7-9C2EACBE8E62}"
EndProject
Project("{F184B08F-C81C-45F6-A57F-5ABD9991F28F}") = "EwECore", "EwECore\EwECore.vbproj", "{CDECE065-503A-4562-A955-06777B2F909E}"
EndProject
Project("{F184B08F-C81C-45F6-A57F-5ABD9991F28F}") = "EwEPlugin", "EwEPlugin\EwEPlugin.vbproj", "{0B91F6E0-6127-4CF3-BF57-684092481454}"
EndProject
Project("{F184B08F-C81C-45F6-A57F-5ABD9991F28F}") = "EwEUtils", "EwEUtils\EwEUtils.vbproj", "{5C331318-C23E-4EEB-AD1E-2EDEF85E0205}"
EndProject
Project("{F184B08F-C81C-45F6-A57F-5ABD9991F28F}") = "EwENetworkAnalysisPlugin", "EwECustomPlugins\EwENetworkAnalysis\EwENetworkAnalysisPlugin.vbproj", "{6385C388-96F0-40F5-90A6-2B4838E0610E}"
EndProject
Project("{F184B08F-C81C-45F6-A57F-5ABD9991F28F}") = "EwEValueChain", "EwECustomPlugins\EwEValueChain\EwEValueChain.vbproj", "{E87E552B-C82F-4984-9249-631DAC727633}"
EndProject
Project("{F184B08F-C81C-45F6-A57F-5ABD9991F28F}") = "EwEResultsExtractorPlugin", "EwECustomPlugins\EwEResultsExtractorPlugin\EwEResultsExtractorPlugin.vbproj", "{0913D0AE-BDEC-4C3E-9551-D0A314BE9DE6}"
EndProject
Project("{F184B08F-C81C-45F6-A57F-5ABD9991F28F}") = "EwEFlowDiagramPlugin", "EwECustomPlugins\EwEFlowDiagramPlugin\EwEFlowDiagramPlugin.vbproj", "{206B8C0C-BC5A-40C3-822B-F17B638704FD}"
EndProject
Project("{F184B08F-C81C-45F6-A57F-5ABD9991F28F}") = "EwEEcotroph", "EwECustomPlugins\EwEEcotroph\EwEEcotroph.vbproj", "{FEF1031B-9933-4364-AD29-C4F8B2E68382}"
EndProject
Project("{F184B08F-C81C-45F6-A57F-5ABD9991F28F}") = "EwEMultiSimPlugin", "EwECustomPlugins\EwEMultiSimPlugin\EwEMultiSimPlugin.vbproj", "{C73CF657-456C-4397-B6A1-5DC8FA68AD48}"
EndProject
Project("{F184B08F-C81C-45F6-A57F-5ABD9991F28F}") = "EwEShapeGridPlugin", "EwECustomPlugins\EwEShapeGridPlugin\EwEShapeGridPlugin.vbproj", "{5E7BEAC5-84D8-4BC5-9B53-8C7888FC9786}"
EndProject
Project("{F184B08F-C81C-45F6-A57F-5ABD9991F28F}") = "EwEModelFromEcosimPlugin", "EwECustomPlugins\EwEModelFromEcosimPlugin\EwEModelFromEcosimPlugin.vbproj", "{243CBCB0-4FD7-43B8-A6D1-27E26E866A99}"
EndProject
Project("{F184B08F-C81C-45F6-A57F-5ABD9991F28F}") = "EwERemarksPlugin", "EwECustomPlugins\EwERemarksPlugin\EwERemarksPlugin.vbproj", "{804DA432-10C6-418C-B323-99C4FDB5CB67}"
EndProject
Project("{F184B08F-C81C-45F6-A57F-5ABD9991F28F}") = "EwEStepwiseFittingPlugin", "EwECustomPlugins\EwEStepwiseFittingPlugin\EwEStepwiseFittingPlugin.vbproj", "{DFBA19D6-8E39-48F9-A503-CBC2519130B5}"
EndProject
Project("{F184B08F-C81C-45F6-A57F-5ABD9991F28F}") = "EwEPrebalPlugin", "EwECustomPlugins\EwEPrebalPlugin\EwEPrebalPlugin.vbproj", "{095FF758-1CA2-4949-8815-CB46055539FD}"
EndProject
Project("{F184B08F-C81C-45F6-A57F-5ABD9991F28F}") = "EwEEcologicalIndicatorsPlugin", "EwECustomPlugins\EwEEcologicalIndicators\EwEEcologicalIndicatorsPlugin.vbproj", "{ADA9F604-2A16-4816-9FE5-31487778902D}"
EndProject
Project("{F184B08F-C81C-45F6-A57F-5ABD9991F28F}") = "EwEFishBasePlugin", "EwECustomPlugins\EwEFishBasePlugin\EwEFishBasePlugin.vbproj", "{C79DDF56-00B7-4C13-A262-DFB4B7D56E53}"
EndProject
Project("{F184B08F-C81C-45F6-A57F-5ABD9991F28F}") = "EwEWoRMSPlugin", "EwECustomPlugins\EwEWoRMSPlugin\EwEWoRMSPlugin.vbproj", "{4B88BF52-04A7-476B-B2F5-153758A62935}"
EndProject
Project("{F184B08F-C81C-45F6-A57F-5ABD9991F28F}") = "EwEAquamapsEnvDataImporterPlugin", "EwECustomPlugins\EwEAquamapsEnvDataImporterPlugin\EwEAquamapsEnvDataImporterPlugin.vbproj", "{317F27E7-08D2-4EB6-ABC8-DEA7D78951C9}"
EndProject
Global
	GlobalSection(SolutionConfigurationPlatforms) = preSolution
		Debug|Any CPU = Debug|Any CPU
		Debug|x64 = Debug|x64
		Debug|x86 = Debug|x86
		Release|Any CPU = Release|Any CPU
		Release|x64 = Release|x64
		Release|x86 = Release|x86
	EndGlobalSection
	GlobalSection(ProjectConfigurationPlatforms) = postSolution
		{70AF596E-7D27-4D39-BDE7-89D4525BD60F}.Debug|Any CPU.ActiveCfg = Debug|x86
		{70AF596E-7D27-4D39-BDE7-89D4525BD60F}.Debug|Any CPU.Build.0 = Debug|x86
		{70AF596E-7D27-4D39-BDE7-89D4525BD60F}.Debug|x64.ActiveCfg = Debug|x86
		{70AF596E-7D27-4D39-BDE7-89D4525BD60F}.Debug|x86.ActiveCfg = Debug|x86
		{70AF596E-7D27-4D39-BDE7-89D4525BD60F}.Debug|x86.Build.0 = Debug|x86
		{70AF596E-7D27-4D39-BDE7-89D4525BD60F}.Release|Any CPU.ActiveCfg = Release|Any CPU
		{70AF596E-7D27-4D39-BDE7-89D4525BD60F}.Release|Any CPU.Build.0 = Release|Any CPU
		{70AF596E-7D27-4D39-BDE7-89D4525BD60F}.Release|x64.ActiveCfg = Release|x86
		{70AF596E-7D27-4D39-BDE7-89D4525BD60F}.Release|x86.ActiveCfg = Release|x86
		{70AF596E-7D27-4D39-BDE7-89D4525BD60F}.Release|x86.Build.0 = Release|x86
		{F24972EB-7291-497E-B4D7-9C2EACBE8E62}.Debug|Any CPU.ActiveCfg = Debug|x86
		{F24972EB-7291-497E-B4D7-9C2EACBE8E62}.Debug|Any CPU.Build.0 = Debug|x86
		{F24972EB-7291-497E-B4D7-9C2EACBE8E62}.Debug|x64.ActiveCfg = Debug|x86
		{F24972EB-7291-497E-B4D7-9C2EACBE8E62}.Debug|x86.ActiveCfg = Debug|x86
		{F24972EB-7291-497E-B4D7-9C2EACBE8E62}.Debug|x86.Build.0 = Debug|x86
		{F24972EB-7291-497E-B4D7-9C2EACBE8E62}.Release|Any CPU.ActiveCfg = Release|Any CPU
		{F24972EB-7291-497E-B4D7-9C2EACBE8E62}.Release|Any CPU.Build.0 = Release|Any CPU
		{F24972EB-7291-497E-B4D7-9C2EACBE8E62}.Release|x64.ActiveCfg = Release|x86
		{F24972EB-7291-497E-B4D7-9C2EACBE8E62}.Release|x86.ActiveCfg = Release|x86
		{F24972EB-7291-497E-B4D7-9C2EACBE8E62}.Release|x86.Build.0 = Release|x86
		{CDECE065-503A-4562-A955-06777B2F909E}.Debug|Any CPU.ActiveCfg = Debug|x86
		{CDECE065-503A-4562-A955-06777B2F909E}.Debug|Any CPU.Build.0 = Debug|x86
		{CDECE065-503A-4562-A955-06777B2F909E}.Debug|x64.ActiveCfg = Debug|x86
		{CDECE065-503A-4562-A955-06777B2F909E}.Debug|x86.ActiveCfg = Debug|x86
		{CDECE065-503A-4562-A955-06777B2F909E}.Debug|x86.Build.0 = Debug|x86
		{CDECE065-503A-4562-A955-06777B2F909E}.Release|Any CPU.ActiveCfg = Release|Any CPU
		{CDECE065-503A-4562-A955-06777B2F909E}.Release|Any CPU.Build.0 = Release|Any CPU
		{CDECE065-503A-4562-A955-06777B2F909E}.Release|x64.ActiveCfg = Release|x86
		{CDECE065-503A-4562-A955-06777B2F909E}.Release|x86.ActiveCfg = Release|x86
		{CDECE065-503A-4562-A955-06777B2F909E}.Release|x86.Build.0 = Release|x86
		{0B91F6E0-6127-4CF3-BF57-684092481454}.Debug|Any CPU.ActiveCfg = Debug|x86
		{0B91F6E0-6127-4CF3-BF57-684092481454}.Debug|Any CPU.Build.0 = Debug|x86
		{0B91F6E0-6127-4CF3-BF57-684092481454}.Debug|x64.ActiveCfg = Debug|x86
		{0B91F6E0-6127-4CF3-BF57-684092481454}.Debug|x86.ActiveCfg = Debug|x86
		{0B91F6E0-6127-4CF3-BF57-684092481454}.Debug|x86.Build.0 = Debug|x86
		{0B91F6E0-6127-4CF3-BF57-684092481454}.Release|Any CPU.ActiveCfg = Release|Any CPU
		{0B91F6E0-6127-4CF3-BF57-684092481454}.Release|Any CPU.Build.0 = Release|Any CPU
		{0B91F6E0-6127-4CF3-BF57-684092481454}.Release|x64.ActiveCfg = Release|x86
		{0B91F6E0-6127-4CF3-BF57-684092481454}.Release|x86.ActiveCfg = Release|x86
		{0B91F6E0-6127-4CF3-BF57-684092481454}.Release|x86.Build.0 = Release|x86
		{5C331318-C23E-4EEB-AD1E-2EDEF85E0205}.Debug|Any CPU.ActiveCfg = Debug|x86
		{5C331318-C23E-4EEB-AD1E-2EDEF85E0205}.Debug|Any CPU.Build.0 = Debug|x86
		{5C331318-C23E-4EEB-AD1E-2EDEF85E0205}.Debug|x64.ActiveCfg = Debug|x86
		{5C331318-C23E-4EEB-AD1E-2EDEF85E0205}.Debug|x86.ActiveCfg = Debug|x86
		{5C331318-C23E-4EEB-AD1E-2EDEF85E0205}.Debug|x86.Build.0 = Debug|x86
		{5C331318-C23E-4EEB-AD1E-2EDEF85E0205}.Release|Any CPU.ActiveCfg = Release|Any CPU
		{5C331318-C23E-4EEB-AD1E-2EDEF85E0205}.Release|Any CPU.Build.0 = Release|Any CPU
		{5C331318-C23E-4EEB-AD1E-2EDEF85E0205}.Release|x64.ActiveCfg = Release|x86
		{5C331318-C23E-4EEB-AD1E-2EDEF85E0205}.Release|x86.ActiveCfg = Release|x86
		{5C331318-C23E-4EEB-AD1E-2EDEF85E0205}.Release|x86.Build.0 = Release|x86
		{6385C388-96F0-40F5-90A6-2B4838E0610E}.Debug|Any CPU.ActiveCfg = Debug|x86
		{6385C388-96F0-40F5-90A6-2B4838E0610E}.Debug|Any CPU.Build.0 = Debug|x86
		{6385C388-96F0-40F5-90A6-2B4838E0610E}.Debug|x64.ActiveCfg = Debug|x86
		{6385C388-96F0-40F5-90A6-2B4838E0610E}.Debug|x86.ActiveCfg = Debug|x86
		{6385C388-96F0-40F5-90A6-2B4838E0610E}.Debug|x86.Build.0 = Debug|x86
		{6385C388-96F0-40F5-90A6-2B4838E0610E}.Release|Any CPU.ActiveCfg = Release|Any CPU
		{6385C388-96F0-40F5-90A6-2B4838E0610E}.Release|Any CPU.Build.0 = Release|Any CPU
		{6385C388-96F0-40F5-90A6-2B4838E0610E}.Release|x64.ActiveCfg = Release|x86
		{6385C388-96F0-40F5-90A6-2B4838E0610E}.Release|x86.ActiveCfg = Release|x86
		{6385C388-96F0-40F5-90A6-2B4838E0610E}.Release|x86.Build.0 = Release|x86
		{E87E552B-C82F-4984-9249-631DAC727633}.Debug|Any CPU.ActiveCfg = Debug|x86
		{E87E552B-C82F-4984-9249-631DAC727633}.Debug|Any CPU.Build.0 = Debug|x86
		{E87E552B-C82F-4984-9249-631DAC727633}.Debug|x64.ActiveCfg = Debug|x86
		{E87E552B-C82F-4984-9249-631DAC727633}.Debug|x86.ActiveCfg = Debug|x86
		{E87E552B-C82F-4984-9249-631DAC727633}.Debug|x86.Build.0 = Debug|x86
		{E87E552B-C82F-4984-9249-631DAC727633}.Release|Any CPU.ActiveCfg = Release|Any CPU
		{E87E552B-C82F-4984-9249-631DAC727633}.Release|Any CPU.Build.0 = Release|Any CPU
		{E87E552B-C82F-4984-9249-631DAC727633}.Release|x64.ActiveCfg = Release|x86
		{E87E552B-C82F-4984-9249-631DAC727633}.Release|x86.ActiveCfg = Release|x86
		{E87E552B-C82F-4984-9249-631DAC727633}.Release|x86.Build.0 = Release|x86
		{0913D0AE-BDEC-4C3E-9551-D0A314BE9DE6}.Debug|Any CPU.ActiveCfg = Debug|x86
		{0913D0AE-BDEC-4C3E-9551-D0A314BE9DE6}.Debug|Any CPU.Build.0 = Debug|x86
		{0913D0AE-BDEC-4C3E-9551-D0A314BE9DE6}.Debug|x64.ActiveCfg = Debug|x86
		{0913D0AE-BDEC-4C3E-9551-D0A314BE9DE6}.Debug|x86.ActiveCfg = Debug|x86
		{0913D0AE-BDEC-4C3E-9551-D0A314BE9DE6}.Debug|x86.Build.0 = Debug|x86
		{0913D0AE-BDEC-4C3E-9551-D0A314BE9DE6}.Release|Any CPU.ActiveCfg = Release|Any CPU
		{0913D0AE-BDEC-4C3E-9551-D0A314BE9DE6}.Release|Any CPU.Build.0 = Release|Any CPU
		{0913D0AE-BDEC-4C3E-9551-D0A314BE9DE6}.Release|x64.ActiveCfg = Release|x86
		{0913D0AE-BDEC-4C3E-9551-D0A314BE9DE6}.Release|x86.ActiveCfg = Release|x86
		{0913D0AE-BDEC-4C3E-9551-D0A314BE9DE6}.Release|x86.Build.0 = Release|x86
		{206B8C0C-BC5A-40C3-822B-F17B638704FD}.Debug|Any CPU.ActiveCfg = Debug|x86
		{206B8C0C-BC5A-40C3-822B-F17B638704FD}.Debug|Any CPU.Build.0 = Debug|x86
		{206B8C0C-BC5A-40C3-822B-F17B638704FD}.Debug|x64.ActiveCfg = Debug|x86
		{206B8C0C-BC5A-40C3-822B-F17B638704FD}.Debug|x86.ActiveCfg = Debug|x86
		{206B8C0C-BC5A-40C3-822B-F17B638704FD}.Debug|x86.Build.0 = Debug|x86
		{206B8C0C-BC5A-40C3-822B-F17B638704FD}.Release|Any CPU.ActiveCfg = Release|Any CPU
		{206B8C0C-BC5A-40C3-822B-F17B638704FD}.Release|Any CPU.Build.0 = Release|Any CPU
		{206B8C0C-BC5A-40C3-822B-F17B638704FD}.Release|x64.ActiveCfg = Release|x86
		{206B8C0C-BC5A-40C3-822B-F17B638704FD}.Release|x86.ActiveCfg = Release|x86
		{206B8C0C-BC5A-40C3-822B-F17B638704FD}.Release|x86.Build.0 = Release|x86
		{FEF1031B-9933-4364-AD29-C4F8B2E68382}.Debug|Any CPU.ActiveCfg = Debug|x86
		{FEF1031B-9933-4364-AD29-C4F8B2E68382}.Debug|Any CPU.Build.0 = Debug|x86
		{FEF1031B-9933-4364-AD29-C4F8B2E68382}.Debug|x64.ActiveCfg = Debug|x86
		{FEF1031B-9933-4364-AD29-C4F8B2E68382}.Debug|x86.ActiveCfg = Debug|x86
		{FEF1031B-9933-4364-AD29-C4F8B2E68382}.Debug|x86.Build.0 = Debug|x86
		{FEF1031B-9933-4364-AD29-C4F8B2E68382}.Release|Any CPU.ActiveCfg = Release|Any CPU
		{FEF1031B-9933-4364-AD29-C4F8B2E68382}.Release|Any CPU.Build.0 = Release|Any CPU
		{FEF1031B-9933-4364-AD29-C4F8B2E68382}.Release|x64.ActiveCfg = Release|x86
		{FEF1031B-9933-4364-AD29-C4F8B2E68382}.Release|x86.ActiveCfg = Release|x86
		{FEF1031B-9933-4364-AD29-C4F8B2E68382}.Release|x86.Build.0 = Release|x86
		{C73CF657-456C-4397-B6A1-5DC8FA68AD48}.Debug|Any CPU.ActiveCfg = Debug|x86
		{C73CF657-456C-4397-B6A1-5DC8FA68AD48}.Debug|Any CPU.Build.0 = Debug|x86
		{C73CF657-456C-4397-B6A1-5DC8FA68AD48}.Debug|x64.ActiveCfg = Debug|x64
		{C73CF657-456C-4397-B6A1-5DC8FA68AD48}.Debug|x64.Build.0 = Debug|x64
		{C73CF657-456C-4397-B6A1-5DC8FA68AD48}.Debug|x86.ActiveCfg = Debug|x86
		{C73CF657-456C-4397-B6A1-5DC8FA68AD48}.Debug|x86.Build.0 = Debug|x86
		{C73CF657-456C-4397-B6A1-5DC8FA68AD48}.Release|Any CPU.ActiveCfg = Release|x64
		{C73CF657-456C-4397-B6A1-5DC8FA68AD48}.Release|x64.ActiveCfg = Release|x64
		{C73CF657-456C-4397-B6A1-5DC8FA68AD48}.Release|x64.Build.0 = Release|x64
		{C73CF657-456C-4397-B6A1-5DC8FA68AD48}.Release|x86.ActiveCfg = Release|x86
		{C73CF657-456C-4397-B6A1-5DC8FA68AD48}.Release|x86.Build.0 = Release|x86
		{5E7BEAC5-84D8-4BC5-9B53-8C7888FC9786}.Debug|Any CPU.ActiveCfg = Debug|x86
		{5E7BEAC5-84D8-4BC5-9B53-8C7888FC9786}.Debug|Any CPU.Build.0 = Debug|x86
		{5E7BEAC5-84D8-4BC5-9B53-8C7888FC9786}.Debug|x64.ActiveCfg = Debug|x64
		{5E7BEAC5-84D8-4BC5-9B53-8C7888FC9786}.Debug|x64.Build.0 = Debug|x64
		{5E7BEAC5-84D8-4BC5-9B53-8C7888FC9786}.Debug|x86.ActiveCfg = Debug|x86
		{5E7BEAC5-84D8-4BC5-9B53-8C7888FC9786}.Debug|x86.Build.0 = Debug|x86
		{5E7BEAC5-84D8-4BC5-9B53-8C7888FC9786}.Release|Any CPU.ActiveCfg = Release|Any CPU
		{5E7BEAC5-84D8-4BC5-9B53-8C7888FC9786}.Release|Any CPU.Build.0 = Release|Any CPU
		{5E7BEAC5-84D8-4BC5-9B53-8C7888FC9786}.Release|x64.ActiveCfg = Release|x64
		{5E7BEAC5-84D8-4BC5-9B53-8C7888FC9786}.Release|x64.Build.0 = Release|x64
		{5E7BEAC5-84D8-4BC5-9B53-8C7888FC9786}.Release|x86.ActiveCfg = Release|x86
		{5E7BEAC5-84D8-4BC5-9B53-8C7888FC9786}.Release|x86.Build.0 = Release|x86
		{243CBCB0-4FD7-43B8-A6D1-27E26E866A99}.Debug|Any CPU.ActiveCfg = Debug|Any CPU
		{243CBCB0-4FD7-43B8-A6D1-27E26E866A99}.Debug|Any CPU.Build.0 = Debug|Any CPU
		{243CBCB0-4FD7-43B8-A6D1-27E26E866A99}.Debug|x64.ActiveCfg = Debug|x64
		{243CBCB0-4FD7-43B8-A6D1-27E26E866A99}.Debug|x64.Build.0 = Debug|x64
		{243CBCB0-4FD7-43B8-A6D1-27E26E866A99}.Debug|x86.ActiveCfg = Debug|x86
		{243CBCB0-4FD7-43B8-A6D1-27E26E866A99}.Debug|x86.Build.0 = Debug|x86
		{243CBCB0-4FD7-43B8-A6D1-27E26E866A99}.Release|Any CPU.ActiveCfg = Release|Any CPU
		{243CBCB0-4FD7-43B8-A6D1-27E26E866A99}.Release|Any CPU.Build.0 = Release|Any CPU
		{243CBCB0-4FD7-43B8-A6D1-27E26E866A99}.Release|x64.ActiveCfg = Release|x64
		{243CBCB0-4FD7-43B8-A6D1-27E26E866A99}.Release|x64.Build.0 = Release|x64
		{243CBCB0-4FD7-43B8-A6D1-27E26E866A99}.Release|x86.ActiveCfg = Release|x86
		{243CBCB0-4FD7-43B8-A6D1-27E26E866A99}.Release|x86.Build.0 = Release|x86
		{804DA432-10C6-418C-B323-99C4FDB5CB67}.Debug|Any CPU.ActiveCfg = Debug|Any CPU
		{804DA432-10C6-418C-B323-99C4FDB5CB67}.Debug|Any CPU.Build.0 = Debug|Any CPU
		{804DA432-10C6-418C-B323-99C4FDB5CB67}.Debug|x64.ActiveCfg = Debug|x64
		{804DA432-10C6-418C-B323-99C4FDB5CB67}.Debug|x64.Build.0 = Debug|x64
		{804DA432-10C6-418C-B323-99C4FDB5CB67}.Debug|x86.ActiveCfg = Debug|x86
		{804DA432-10C6-418C-B323-99C4FDB5CB67}.Debug|x86.Build.0 = Debug|x86
		{804DA432-10C6-418C-B323-99C4FDB5CB67}.Release|Any CPU.ActiveCfg = Release|Any CPU
		{804DA432-10C6-418C-B323-99C4FDB5CB67}.Release|Any CPU.Build.0 = Release|Any CPU
		{804DA432-10C6-418C-B323-99C4FDB5CB67}.Release|x64.ActiveCfg = Release|x64
		{804DA432-10C6-418C-B323-99C4FDB5CB67}.Release|x64.Build.0 = Release|x64
		{804DA432-10C6-418C-B323-99C4FDB5CB67}.Release|x86.ActiveCfg = Release|x86
		{804DA432-10C6-418C-B323-99C4FDB5CB67}.Release|x86.Build.0 = Release|x86
		{DFBA19D6-8E39-48F9-A503-CBC2519130B5}.Debug|Any CPU.ActiveCfg = Debug|Any CPU
		{DFBA19D6-8E39-48F9-A503-CBC2519130B5}.Debug|Any CPU.Build.0 = Debug|Any CPU
		{DFBA19D6-8E39-48F9-A503-CBC2519130B5}.Debug|x64.ActiveCfg = Debug|x64
		{DFBA19D6-8E39-48F9-A503-CBC2519130B5}.Debug|x64.Build.0 = Debug|x64
		{DFBA19D6-8E39-48F9-A503-CBC2519130B5}.Debug|x86.ActiveCfg = Debug|x86
		{DFBA19D6-8E39-48F9-A503-CBC2519130B5}.Debug|x86.Build.0 = Debug|x86
		{DFBA19D6-8E39-48F9-A503-CBC2519130B5}.Release|Any CPU.ActiveCfg = Release|Any CPU
		{DFBA19D6-8E39-48F9-A503-CBC2519130B5}.Release|Any CPU.Build.0 = Release|Any CPU
		{DFBA19D6-8E39-48F9-A503-CBC2519130B5}.Release|x64.ActiveCfg = Release|x64
		{DFBA19D6-8E39-48F9-A503-CBC2519130B5}.Release|x64.Build.0 = Release|x64
		{DFBA19D6-8E39-48F9-A503-CBC2519130B5}.Release|x86.ActiveCfg = Release|x86
		{DFBA19D6-8E39-48F9-A503-CBC2519130B5}.Release|x86.Build.0 = Release|x86
		{095FF758-1CA2-4949-8815-CB46055539FD}.Debug|Any CPU.ActiveCfg = Debug|Any CPU
		{095FF758-1CA2-4949-8815-CB46055539FD}.Debug|Any CPU.Build.0 = Debug|Any CPU
		{095FF758-1CA2-4949-8815-CB46055539FD}.Debug|x64.ActiveCfg = Debug|x64
		{095FF758-1CA2-4949-8815-CB46055539FD}.Debug|x64.Build.0 = Debug|x64
		{095FF758-1CA2-4949-8815-CB46055539FD}.Debug|x86.ActiveCfg = Debug|x86
		{095FF758-1CA2-4949-8815-CB46055539FD}.Debug|x86.Build.0 = Debug|x86
		{095FF758-1CA2-4949-8815-CB46055539FD}.Release|Any CPU.ActiveCfg = Release|Any CPU
		{095FF758-1CA2-4949-8815-CB46055539FD}.Release|Any CPU.Build.0 = Release|Any CPU
		{095FF758-1CA2-4949-8815-CB46055539FD}.Release|x64.ActiveCfg = Release|x64
		{095FF758-1CA2-4949-8815-CB46055539FD}.Release|x64.Build.0 = Release|x64
		{095FF758-1CA2-4949-8815-CB46055539FD}.Release|x86.ActiveCfg = Release|x86
		{095FF758-1CA2-4949-8815-CB46055539FD}.Release|x86.Build.0 = Release|x86
		{ADA9F604-2A16-4816-9FE5-31487778902D}.Debug|Any CPU.ActiveCfg = Debug|Any CPU
		{ADA9F604-2A16-4816-9FE5-31487778902D}.Debug|Any CPU.Build.0 = Debug|Any CPU
		{ADA9F604-2A16-4816-9FE5-31487778902D}.Debug|x64.ActiveCfg = Debug|x64
		{ADA9F604-2A16-4816-9FE5-31487778902D}.Debug|x64.Build.0 = Debug|x64
		{ADA9F604-2A16-4816-9FE5-31487778902D}.Debug|x86.ActiveCfg = Debug|x86
		{ADA9F604-2A16-4816-9FE5-31487778902D}.Debug|x86.Build.0 = Debug|x86
		{ADA9F604-2A16-4816-9FE5-31487778902D}.Release|Any CPU.ActiveCfg = Release|Any CPU
		{ADA9F604-2A16-4816-9FE5-31487778902D}.Release|Any CPU.Build.0 = Release|Any CPU
		{ADA9F604-2A16-4816-9FE5-31487778902D}.Release|x64.ActiveCfg = Release|x64
		{ADA9F604-2A16-4816-9FE5-31487778902D}.Release|x64.Build.0 = Release|x64
		{ADA9F604-2A16-4816-9FE5-31487778902D}.Release|x86.ActiveCfg = Release|x86
		{ADA9F604-2A16-4816-9FE5-31487778902D}.Release|x86.Build.0 = Release|x86
		{C79DDF56-00B7-4C13-A262-DFB4B7D56E53}.Debug|Any CPU.ActiveCfg = Debug|Any CPU
		{C79DDF56-00B7-4C13-A262-DFB4B7D56E53}.Debug|Any CPU.Build.0 = Debug|Any CPU
		{C79DDF56-00B7-4C13-A262-DFB4B7D56E53}.Debug|x64.ActiveCfg = Debug|x64
		{C79DDF56-00B7-4C13-A262-DFB4B7D56E53}.Debug|x64.Build.0 = Debug|x64
		{C79DDF56-00B7-4C13-A262-DFB4B7D56E53}.Debug|x86.ActiveCfg = Debug|x86
		{C79DDF56-00B7-4C13-A262-DFB4B7D56E53}.Debug|x86.Build.0 = Debug|x86
		{C79DDF56-00B7-4C13-A262-DFB4B7D56E53}.Release|Any CPU.ActiveCfg = Release|Any CPU
		{C79DDF56-00B7-4C13-A262-DFB4B7D56E53}.Release|Any CPU.Build.0 = Release|Any CPU
		{C79DDF56-00B7-4C13-A262-DFB4B7D56E53}.Release|x64.ActiveCfg = Release|x64
		{C79DDF56-00B7-4C13-A262-DFB4B7D56E53}.Release|x64.Build.0 = Release|x64
		{C79DDF56-00B7-4C13-A262-DFB4B7D56E53}.Release|x86.ActiveCfg = Release|x86
		{C79DDF56-00B7-4C13-A262-DFB4B7D56E53}.Release|x86.Build.0 = Release|x86
		{4B88BF52-04A7-476B-B2F5-153758A62935}.Debug|Any CPU.ActiveCfg = Debug|Any CPU
		{4B88BF52-04A7-476B-B2F5-153758A62935}.Debug|Any CPU.Build.0 = Debug|Any CPU
		{4B88BF52-04A7-476B-B2F5-153758A62935}.Debug|x64.ActiveCfg = Debug|x64
		{4B88BF52-04A7-476B-B2F5-153758A62935}.Debug|x64.Build.0 = Debug|x64
		{4B88BF52-04A7-476B-B2F5-153758A62935}.Debug|x86.ActiveCfg = Debug|x86
		{4B88BF52-04A7-476B-B2F5-153758A62935}.Debug|x86.Build.0 = Debug|x86
		{4B88BF52-04A7-476B-B2F5-153758A62935}.Release|Any CPU.ActiveCfg = Release|Any CPU
		{4B88BF52-04A7-476B-B2F5-153758A62935}.Release|Any CPU.Build.0 = Release|Any CPU
		{4B88BF52-04A7-476B-B2F5-153758A62935}.Release|x64.ActiveCfg = Release|x64
		{4B88BF52-04A7-476B-B2F5-153758A62935}.Release|x64.Build.0 = Release|x64
		{4B88BF52-04A7-476B-B2F5-153758A62935}.Release|x86.ActiveCfg = Release|x86
		{4B88BF52-04A7-476B-B2F5-153758A62935}.Release|x86.Build.0 = Release|x86
		{317F27E7-08D2-4EB6-ABC8-DEA7D78951C9}.Debug|Any CPU.ActiveCfg = Debug|Any CPU
		{317F27E7-08D2-4EB6-ABC8-DEA7D78951C9}.Debug|Any CPU.Build.0 = Debug|Any CPU
		{317F27E7-08D2-4EB6-ABC8-DEA7D78951C9}.Debug|x64.ActiveCfg = Debug|x64
		{317F27E7-08D2-4EB6-ABC8-DEA7D78951C9}.Debug|x64.Build.0 = Debug|x64
		{317F27E7-08D2-4EB6-ABC8-DEA7D78951C9}.Debug|x86.ActiveCfg = Debug|x86
		{317F27E7-08D2-4EB6-ABC8-DEA7D78951C9}.Debug|x86.Build.0 = Debug|x86
		{317F27E7-08D2-4EB6-ABC8-DEA7D78951C9}.Release|Any CPU.ActiveCfg = Release|Any CPU
		{317F27E7-08D2-4EB6-ABC8-DEA7D78951C9}.Release|Any CPU.Build.0 = Release|Any CPU
		{317F27E7-08D2-4EB6-ABC8-DEA7D78951C9}.Release|x64.ActiveCfg = Release|x64
		{317F27E7-08D2-4EB6-ABC8-DEA7D78951C9}.Release|x64.Build.0 = Release|x64
		{317F27E7-08D2-4EB6-ABC8-DEA7D78951C9}.Release|x86.ActiveCfg = Release|x86
		{317F27E7-08D2-4EB6-ABC8-DEA7D78951C9}.Release|x86.Build.0 = Release|x86
	EndGlobalSection
	GlobalSection(SolutionProperties) = preSolution
		HideSolutionNode = FALSE
	EndGlobalSection
EndGlobal
