
Microsoft Visual Studio Solution File, Format Version 11.00
# Visual Studio 2010
Project("{2150E333-8FDC-42A3-9474-1A3956D46DE8}") = "EwECore", "EwECore", "{25F1B99A-B8AA-435B-989B-F1C7C97094AD}"
EndProject
Project("{2150E333-8FDC-42A3-9474-1A3956D46DE8}") = "ScientificInterface", "ScientificInterface", "{5969ADB4-4FDE-4385-986B-6C28A162AD78}"
EndProject
Project("{2150E333-8FDC-42A3-9474-1A3956D46DE8}") = "EwEPlugin", "EwEPlugin", "{029C328B-65C7-4254-A9C6-AD0ECFF1D827}"
EndProject
Project("{2150E333-8FDC-42A3-9474-1A3956D46DE8}") = "EwE plugins", "EwE plugins", "{CAFA2E5E-DF1C-4982-A43C-031A03C89767}"
EndProject
Project("{2150E333-8FDC-42A3-9474-1A3956D46DE8}") = "EwEUtils", "EwEUtils", "{BDDBAC78-7ED0-4CA7-8B78-7D59C8A5403F}"
EndProject
Project("{2150E333-8FDC-42A3-9474-1A3956D46DE8}") = "EwENetworkAnalysis", "EwENetworkAnalysis", "{7DA02574-7700-4C1E-8CA1-315EBCCFC075}"
EndProject
Project("{2150E333-8FDC-42A3-9474-1A3956D46DE8}") = "ScientificInterfaceShared", "ScientificInterfaceShared", "{AF7464FB-5887-480E-8C7E-0490D8C4DE40}"
EndProject
Project("{2150E333-8FDC-42A3-9474-1A3956D46DE8}") = "EwEValueChain", "EwEValueChain", "{07C4195B-DB4D-46C7-A118-4406D3029B52}"
EndProject
Project("{2150E333-8FDC-42A3-9474-1A3956D46DE8}") = "EwEFlowDiagramPlugin", "EwEFlowDiagramPlugin", "{565FE5C8-EC97-41D0-AB9B-47B88ECCBC02}"
EndProject
Project("{2150E333-8FDC-42A3-9474-1A3956D46DE8}") = "EwEResultsExtractor", "EwEResultsExtractor", "{9CEC0ECE-1C11-404E-A36B-FAF20CAA0620}"
EndProject
Project("{2150E333-8FDC-42A3-9474-1A3956D46DE8}") = "EwEShapeGridPlugin", "EwEShapeGridPlugin", "{D3EC03C9-6949-4248-9248-058696208B0A}"
EndProject
Project("{F184B08F-C81C-45F6-A57F-5ABD9991F28F}") = "EwECore", "EwECore\EwECore.vbproj", "{CDECE065-503A-4562-A955-06777B2F909E}"
EndProject
Project("{F184B08F-C81C-45F6-A57F-5ABD9991F28F}") = "EwEPlugin", "EwEPlugin\EwEPlugin.vbproj", "{0B91F6E0-6127-4CF3-BF57-684092481454}"
EndProject
Project("{F184B08F-C81C-45F6-A57F-5ABD9991F28F}") = "EwEUtils", "EwEUtils\EwEUtils.vbproj", "{5C331318-C23E-4EEB-AD1E-2EDEF85E0205}"
EndProject
Project("{F184B08F-C81C-45F6-A57F-5ABD9991F28F}") = "EwENetworkAnalysisPlugin", "EwECustomPlugins\EwENetworkAnalysis\EwENetworkAnalysisPlugin.vbproj", "{6385C388-96F0-40F5-90A6-2B4838E0610E}"
EndProject
Project("{F184B08F-C81C-45F6-A57F-5ABD9991F28F}") = "ScientificInterface", "ScientificInterface\ScientificInterface.vbproj", "{F24972EB-7291-497E-B4D7-9C2EACBE8E62}"
EndProject
Project("{F184B08F-C81C-45F6-A57F-5ABD9991F28F}") = "ScientificInterfaceShared", "ScientificInterfaceShared\ScientificInterfaceShared.vbproj", "{70AF596E-7D27-4D39-BDE7-89D4525BD60F}"
EndProject
Project("{F184B08F-C81C-45F6-A57F-5ABD9991F28F}") = "EwEValueChain", "EwECustomPlugins\EwEValueChain\EwEValueChain.vbproj", "{E87E552B-C82F-4984-9249-631DAC727633}"
EndProject
Project("{F184B08F-C81C-45F6-A57F-5ABD9991F28F}") = "EwEResultsExtractorPlugin", "EwECustomPlugins\EwEResultsExtractorPlugin\EwEResultsExtractorPlugin.vbproj", "{0913D0AE-BDEC-4C3E-9551-D0A314BE9DE6}"
EndProject
Project("{F184B08F-C81C-45F6-A57F-5ABD9991F28F}") = "EwEShapeGridPlugin", "EwECustomPlugins\EwEShapeGridPlugin\EwEShapeGridPlugin.vbproj", "{5E7BEAC5-84D8-4BC5-9B53-8C7888FC9786}"
EndProject
Project("{F184B08F-C81C-45F6-A57F-5ABD9991F28F}") = "EwEFlowDiagramPlugin", "EwECustomPlugins\EwEFlowDiagramPlugin\EwEFlowDiagramPlugin.vbproj", "{206B8C0C-BC5A-40C3-822B-F17B638704FD}"
EndProject
Project("{2150E333-8FDC-42A3-9474-1A3956D46DE8}") = "EwEEcoTrophPlugin", "EwEEcoTrophPlugin", "{2D684ED6-D36A-4997-88BA-250785F16C2A}"
EndProject
Project("{2150E333-8FDC-42A3-9474-1A3956D46DE8}") = "EwEMultiSimPlugin", "EwEMultiSimPlugin", "{FDC7E306-EA56-49AE-B290-766C5A330EC0}"
EndProject
Project("{F184B08F-C81C-45F6-A57F-5ABD9991F28F}") = "EwEMultiSimPlugin", "EwECustomPlugins\EwEMultiSimPlugin\EwEMultiSimPlugin.vbproj", "{C73CF657-456C-4397-B6A1-5DC8FA68AD48}"
EndProject
Project("{2150E333-8FDC-42A3-9474-1A3956D46DE8}") = "EwEModelFromEcosim", "EwEModelFromEcosim", "{36847F61-9298-4448-88FA-E51CE1B68C5C}"
EndProject
Project("{F184B08F-C81C-45F6-A57F-5ABD9991F28F}") = "EwEModelFromEcosimPlugin", "EwECustomPlugins\EwEModelFromEcosimPlugin\EwEModelFromEcosimPlugin.vbproj", "{243CBCB0-4FD7-43B8-A6D1-27E26E866A99}"
EndProject
Project("{2150E333-8FDC-42A3-9474-1A3956D46DE8}") = "EwERemarksPlugin", "EwERemarksPlugin", "{68BBB444-FD03-4A01-BC2C-DB8C2CD3D328}"
EndProject
Project("{F184B08F-C81C-45F6-A57F-5ABD9991F28F}") = "EwERemarksPlugin", "EwECustomPlugins\EwERemarksPlugin\EwERemarksPlugin.vbproj", "{804DA432-10C6-418C-B323-99C4FDB5CB67}"
EndProject
Project("{F184B08F-C81C-45F6-A57F-5ABD9991F28F}") = "EwEKeyRunComparison", "..\Sources Internal\Plugins\EwEKeyRunComparison\EwEKeyRunComparison.vbproj", "{BE09A143-5EC5-4255-8024-C74622E1A5CE}"
EndProject
Project("{F184B08F-C81C-45F6-A57F-5ABD9991F28F}") = "EwESpatialAssetsPlugin", "..\Sources Internal\Plugins\EwESpatialAssetsPlugin\EwESpatialAssetsPlugin.vbproj", "{C1081265-6A9D-4087-8BB5-E907D86FD719}"
EndProject
Global
	GlobalSection(SolutionConfigurationPlatforms) = preSolution
		Debug|Any CPU = Debug|Any CPU
		Debug|x64 = Debug|x64
		Debug|x86 = Debug|x86
		Release|Any CPU = Release|Any CPU
		Release|x64 = Release|x64
		Release|x86 = Release|x86
	EndGlobalSection
	GlobalSection(ProjectConfigurationPlatforms) = postSolution
		{CDECE065-503A-4562-A955-06777B2F909E}.Debug|Any CPU.ActiveCfg = Debug|Any CPU
		{CDECE065-503A-4562-A955-06777B2F909E}.Debug|Any CPU.Build.0 = Debug|Any CPU
		{CDECE065-503A-4562-A955-06777B2F909E}.Debug|x64.ActiveCfg = Debug|x64
		{CDECE065-503A-4562-A955-06777B2F909E}.Debug|x64.Build.0 = Debug|x64
		{CDECE065-503A-4562-A955-06777B2F909E}.Debug|x86.ActiveCfg = Debug|x86
		{CDECE065-503A-4562-A955-06777B2F909E}.Debug|x86.Build.0 = Debug|x86
		{CDECE065-503A-4562-A955-06777B2F909E}.Release|Any CPU.ActiveCfg = Release|Any CPU
		{CDECE065-503A-4562-A955-06777B2F909E}.Release|Any CPU.Build.0 = Release|Any CPU
		{CDECE065-503A-4562-A955-06777B2F909E}.Release|x64.ActiveCfg = Release|x64
		{CDECE065-503A-4562-A955-06777B2F909E}.Release|x64.Build.0 = Release|x64
		{CDECE065-503A-4562-A955-06777B2F909E}.Release|x86.ActiveCfg = Release|x86
		{CDECE065-503A-4562-A955-06777B2F909E}.Release|x86.Build.0 = Release|x86
		{0B91F6E0-6127-4CF3-BF57-684092481454}.Debug|Any CPU.ActiveCfg = Debug|Any CPU
		{0B91F6E0-6127-4CF3-BF57-684092481454}.Debug|Any CPU.Build.0 = Debug|Any CPU
		{0B91F6E0-6127-4CF3-BF57-684092481454}.Debug|x64.ActiveCfg = Debug|x64
		{0B91F6E0-6127-4CF3-BF57-684092481454}.Debug|x64.Build.0 = Debug|x64
		{0B91F6E0-6127-4CF3-BF57-684092481454}.Debug|x86.ActiveCfg = Debug|x86
		{0B91F6E0-6127-4CF3-BF57-684092481454}.Debug|x86.Build.0 = Debug|x86
		{0B91F6E0-6127-4CF3-BF57-684092481454}.Release|Any CPU.ActiveCfg = Release|Any CPU
		{0B91F6E0-6127-4CF3-BF57-684092481454}.Release|Any CPU.Build.0 = Release|Any CPU
		{0B91F6E0-6127-4CF3-BF57-684092481454}.Release|x64.ActiveCfg = Release|x64
		{0B91F6E0-6127-4CF3-BF57-684092481454}.Release|x64.Build.0 = Release|x64
		{0B91F6E0-6127-4CF3-BF57-684092481454}.Release|x86.ActiveCfg = Release|x86
		{0B91F6E0-6127-4CF3-BF57-684092481454}.Release|x86.Build.0 = Release|x86
		{5C331318-C23E-4EEB-AD1E-2EDEF85E0205}.Debug|Any CPU.ActiveCfg = Debug|Any CPU
		{5C331318-C23E-4EEB-AD1E-2EDEF85E0205}.Debug|Any CPU.Build.0 = Debug|Any CPU
		{5C331318-C23E-4EEB-AD1E-2EDEF85E0205}.Debug|x64.ActiveCfg = Debug|x64
		{5C331318-C23E-4EEB-AD1E-2EDEF85E0205}.Debug|x64.Build.0 = Debug|x64
		{5C331318-C23E-4EEB-AD1E-2EDEF85E0205}.Debug|x86.ActiveCfg = Debug|x86
		{5C331318-C23E-4EEB-AD1E-2EDEF85E0205}.Debug|x86.Build.0 = Debug|x86
		{5C331318-C23E-4EEB-AD1E-2EDEF85E0205}.Release|Any CPU.ActiveCfg = Release|Any CPU
		{5C331318-C23E-4EEB-AD1E-2EDEF85E0205}.Release|Any CPU.Build.0 = Release|Any CPU
		{5C331318-C23E-4EEB-AD1E-2EDEF85E0205}.Release|x64.ActiveCfg = Release|x64
		{5C331318-C23E-4EEB-AD1E-2EDEF85E0205}.Release|x64.Build.0 = Release|x64
		{5C331318-C23E-4EEB-AD1E-2EDEF85E0205}.Release|x86.ActiveCfg = Release|x86
		{5C331318-C23E-4EEB-AD1E-2EDEF85E0205}.Release|x86.Build.0 = Release|x86
		{6385C388-96F0-40F5-90A6-2B4838E0610E}.Debug|Any CPU.ActiveCfg = Debug|Any CPU
		{6385C388-96F0-40F5-90A6-2B4838E0610E}.Debug|Any CPU.Build.0 = Debug|Any CPU
		{6385C388-96F0-40F5-90A6-2B4838E0610E}.Debug|x64.ActiveCfg = Debug|x64
		{6385C388-96F0-40F5-90A6-2B4838E0610E}.Debug|x64.Build.0 = Debug|x64
		{6385C388-96F0-40F5-90A6-2B4838E0610E}.Debug|x86.ActiveCfg = Debug|x86
		{6385C388-96F0-40F5-90A6-2B4838E0610E}.Debug|x86.Build.0 = Debug|x86
		{6385C388-96F0-40F5-90A6-2B4838E0610E}.Release|Any CPU.ActiveCfg = Release|Any CPU
		{6385C388-96F0-40F5-90A6-2B4838E0610E}.Release|Any CPU.Build.0 = Release|Any CPU
		{6385C388-96F0-40F5-90A6-2B4838E0610E}.Release|x64.ActiveCfg = Release|x64
		{6385C388-96F0-40F5-90A6-2B4838E0610E}.Release|x64.Build.0 = Release|x64
		{6385C388-96F0-40F5-90A6-2B4838E0610E}.Release|x86.ActiveCfg = Release|x86
		{6385C388-96F0-40F5-90A6-2B4838E0610E}.Release|x86.Build.0 = Release|x86
		{F24972EB-7291-497E-B4D7-9C2EACBE8E62}.Debug|Any CPU.ActiveCfg = Debug|Any CPU
		{F24972EB-7291-497E-B4D7-9C2EACBE8E62}.Debug|Any CPU.Build.0 = Debug|Any CPU
		{F24972EB-7291-497E-B4D7-9C2EACBE8E62}.Debug|x64.ActiveCfg = Debug|x64
		{F24972EB-7291-497E-B4D7-9C2EACBE8E62}.Debug|x64.Build.0 = Debug|x64
		{F24972EB-7291-497E-B4D7-9C2EACBE8E62}.Debug|x86.ActiveCfg = Debug|x86
		{F24972EB-7291-497E-B4D7-9C2EACBE8E62}.Debug|x86.Build.0 = Debug|x86
		{F24972EB-7291-497E-B4D7-9C2EACBE8E62}.Release|Any CPU.ActiveCfg = Release|Any CPU
		{F24972EB-7291-497E-B4D7-9C2EACBE8E62}.Release|Any CPU.Build.0 = Release|Any CPU
		{F24972EB-7291-497E-B4D7-9C2EACBE8E62}.Release|x64.ActiveCfg = Release|x64
		{F24972EB-7291-497E-B4D7-9C2EACBE8E62}.Release|x64.Build.0 = Release|x64
		{F24972EB-7291-497E-B4D7-9C2EACBE8E62}.Release|x86.ActiveCfg = Release|x86
		{F24972EB-7291-497E-B4D7-9C2EACBE8E62}.Release|x86.Build.0 = Release|x86
		{70AF596E-7D27-4D39-BDE7-89D4525BD60F}.Debug|Any CPU.ActiveCfg = Debug|Any CPU
		{70AF596E-7D27-4D39-BDE7-89D4525BD60F}.Debug|Any CPU.Build.0 = Debug|Any CPU
		{70AF596E-7D27-4D39-BDE7-89D4525BD60F}.Debug|x64.ActiveCfg = Debug|x64
		{70AF596E-7D27-4D39-BDE7-89D4525BD60F}.Debug|x64.Build.0 = Debug|x64
		{70AF596E-7D27-4D39-BDE7-89D4525BD60F}.Debug|x86.ActiveCfg = Debug|x86
		{70AF596E-7D27-4D39-BDE7-89D4525BD60F}.Debug|x86.Build.0 = Debug|x86
		{70AF596E-7D27-4D39-BDE7-89D4525BD60F}.Release|Any CPU.ActiveCfg = Release|Any CPU
		{70AF596E-7D27-4D39-BDE7-89D4525BD60F}.Release|Any CPU.Build.0 = Release|Any CPU
		{70AF596E-7D27-4D39-BDE7-89D4525BD60F}.Release|x64.ActiveCfg = Release|x64
		{70AF596E-7D27-4D39-BDE7-89D4525BD60F}.Release|x64.Build.0 = Release|x64
		{70AF596E-7D27-4D39-BDE7-89D4525BD60F}.Release|x86.ActiveCfg = Release|x86
		{70AF596E-7D27-4D39-BDE7-89D4525BD60F}.Release|x86.Build.0 = Release|x86
		{E87E552B-C82F-4984-9249-631DAC727633}.Debug|Any CPU.ActiveCfg = Debug|Any CPU
		{E87E552B-C82F-4984-9249-631DAC727633}.Debug|Any CPU.Build.0 = Debug|Any CPU
		{E87E552B-C82F-4984-9249-631DAC727633}.Debug|x64.ActiveCfg = Debug|x64
		{E87E552B-C82F-4984-9249-631DAC727633}.Debug|x64.Build.0 = Debug|x64
		{E87E552B-C82F-4984-9249-631DAC727633}.Debug|x86.ActiveCfg = Debug|x86
		{E87E552B-C82F-4984-9249-631DAC727633}.Debug|x86.Build.0 = Debug|x86
		{E87E552B-C82F-4984-9249-631DAC727633}.Release|Any CPU.ActiveCfg = Release|Any CPU
		{E87E552B-C82F-4984-9249-631DAC727633}.Release|Any CPU.Build.0 = Release|Any CPU
		{E87E552B-C82F-4984-9249-631DAC727633}.Release|x64.ActiveCfg = Release|x64
		{E87E552B-C82F-4984-9249-631DAC727633}.Release|x64.Build.0 = Release|x64
		{E87E552B-C82F-4984-9249-631DAC727633}.Release|x86.ActiveCfg = Release|x86
		{E87E552B-C82F-4984-9249-631DAC727633}.Release|x86.Build.0 = Release|x86
		{0913D0AE-BDEC-4C3E-9551-D0A314BE9DE6}.Debug|Any CPU.ActiveCfg = Debug|Any CPU
		{0913D0AE-BDEC-4C3E-9551-D0A314BE9DE6}.Debug|Any CPU.Build.0 = Debug|Any CPU
		{0913D0AE-BDEC-4C3E-9551-D0A314BE9DE6}.Debug|x64.ActiveCfg = Debug|x64
		{0913D0AE-BDEC-4C3E-9551-D0A314BE9DE6}.Debug|x64.Build.0 = Debug|x64
		{0913D0AE-BDEC-4C3E-9551-D0A314BE9DE6}.Debug|x86.ActiveCfg = Debug|x86
		{0913D0AE-BDEC-4C3E-9551-D0A314BE9DE6}.Debug|x86.Build.0 = Debug|x86
		{0913D0AE-BDEC-4C3E-9551-D0A314BE9DE6}.Release|Any CPU.ActiveCfg = Release|Any CPU
		{0913D0AE-BDEC-4C3E-9551-D0A314BE9DE6}.Release|Any CPU.Build.0 = Release|Any CPU
		{0913D0AE-BDEC-4C3E-9551-D0A314BE9DE6}.Release|x64.ActiveCfg = Release|x64
		{0913D0AE-BDEC-4C3E-9551-D0A314BE9DE6}.Release|x64.Build.0 = Release|x64
		{0913D0AE-BDEC-4C3E-9551-D0A314BE9DE6}.Release|x86.ActiveCfg = Release|x86
		{0913D0AE-BDEC-4C3E-9551-D0A314BE9DE6}.Release|x86.Build.0 = Release|x86
		{5E7BEAC5-84D8-4BC5-9B53-8C7888FC9786}.Debug|Any CPU.ActiveCfg = Debug|Any CPU
		{5E7BEAC5-84D8-4BC5-9B53-8C7888FC9786}.Debug|Any CPU.Build.0 = Debug|Any CPU
		{5E7BEAC5-84D8-4BC5-9B53-8C7888FC9786}.Debug|x64.ActiveCfg = Debug|x64
		{5E7BEAC5-84D8-4BC5-9B53-8C7888FC9786}.Debug|x64.Build.0 = Debug|x64
		{5E7BEAC5-84D8-4BC5-9B53-8C7888FC9786}.Debug|x86.ActiveCfg = Debug|x86
		{5E7BEAC5-84D8-4BC5-9B53-8C7888FC9786}.Debug|x86.Build.0 = Debug|x86
		{5E7BEAC5-84D8-4BC5-9B53-8C7888FC9786}.Release|Any CPU.ActiveCfg = Release|Any CPU
		{5E7BEAC5-84D8-4BC5-9B53-8C7888FC9786}.Release|Any CPU.Build.0 = Release|Any CPU
		{5E7BEAC5-84D8-4BC5-9B53-8C7888FC9786}.Release|x64.ActiveCfg = Release|x64
		{5E7BEAC5-84D8-4BC5-9B53-8C7888FC9786}.Release|x64.Build.0 = Release|x64
		{5E7BEAC5-84D8-4BC5-9B53-8C7888FC9786}.Release|x86.ActiveCfg = Release|x86
		{5E7BEAC5-84D8-4BC5-9B53-8C7888FC9786}.Release|x86.Build.0 = Release|x86
		{206B8C0C-BC5A-40C3-822B-F17B638704FD}.Debug|Any CPU.ActiveCfg = Debug|Any CPU
		{206B8C0C-BC5A-40C3-822B-F17B638704FD}.Debug|Any CPU.Build.0 = Debug|Any CPU
		{206B8C0C-BC5A-40C3-822B-F17B638704FD}.Debug|x64.ActiveCfg = Debug|x64
		{206B8C0C-BC5A-40C3-822B-F17B638704FD}.Debug|x64.Build.0 = Debug|x64
		{206B8C0C-BC5A-40C3-822B-F17B638704FD}.Debug|x86.ActiveCfg = Debug|x86
		{206B8C0C-BC5A-40C3-822B-F17B638704FD}.Debug|x86.Build.0 = Debug|x86
		{206B8C0C-BC5A-40C3-822B-F17B638704FD}.Release|Any CPU.ActiveCfg = Release|Any CPU
		{206B8C0C-BC5A-40C3-822B-F17B638704FD}.Release|Any CPU.Build.0 = Release|Any CPU
		{206B8C0C-BC5A-40C3-822B-F17B638704FD}.Release|x64.ActiveCfg = Release|x64
		{206B8C0C-BC5A-40C3-822B-F17B638704FD}.Release|x64.Build.0 = Release|x64
		{206B8C0C-BC5A-40C3-822B-F17B638704FD}.Release|x86.ActiveCfg = Release|x86
		{206B8C0C-BC5A-40C3-822B-F17B638704FD}.Release|x86.Build.0 = Release|x86
		{C73CF657-456C-4397-B6A1-5DC8FA68AD48}.Debug|Any CPU.ActiveCfg = Debug|Any CPU
		{C73CF657-456C-4397-B6A1-5DC8FA68AD48}.Debug|Any CPU.Build.0 = Debug|Any CPU
		{C73CF657-456C-4397-B6A1-5DC8FA68AD48}.Debug|x64.ActiveCfg = Debug|x64
		{C73CF657-456C-4397-B6A1-5DC8FA68AD48}.Debug|x64.Build.0 = Debug|x64
		{C73CF657-456C-4397-B6A1-5DC8FA68AD48}.Debug|x86.ActiveCfg = Debug|x86
		{C73CF657-456C-4397-B6A1-5DC8FA68AD48}.Debug|x86.Build.0 = Debug|x86
		{C73CF657-456C-4397-B6A1-5DC8FA68AD48}.Release|Any CPU.ActiveCfg = Release|x64
		{C73CF657-456C-4397-B6A1-5DC8FA68AD48}.Release|x64.ActiveCfg = Release|x64
		{C73CF657-456C-4397-B6A1-5DC8FA68AD48}.Release|x64.Build.0 = Release|x64
		{C73CF657-456C-4397-B6A1-5DC8FA68AD48}.Release|x86.ActiveCfg = Release|x86
		{C73CF657-456C-4397-B6A1-5DC8FA68AD48}.Release|x86.Build.0 = Release|x86
		{243CBCB0-4FD7-43B8-A6D1-27E26E866A99}.Debug|Any CPU.ActiveCfg = Debug|Any CPU
		{243CBCB0-4FD7-43B8-A6D1-27E26E866A99}.Debug|Any CPU.Build.0 = Debug|Any CPU
		{243CBCB0-4FD7-43B8-A6D1-27E26E866A99}.Debug|x64.ActiveCfg = Debug|x64
		{243CBCB0-4FD7-43B8-A6D1-27E26E866A99}.Debug|x64.Build.0 = Debug|x64
		{243CBCB0-4FD7-43B8-A6D1-27E26E866A99}.Debug|x86.ActiveCfg = Debug|x86
		{243CBCB0-4FD7-43B8-A6D1-27E26E866A99}.Debug|x86.Build.0 = Debug|x86
		{243CBCB0-4FD7-43B8-A6D1-27E26E866A99}.Release|Any CPU.ActiveCfg = Release|Any CPU
		{243CBCB0-4FD7-43B8-A6D1-27E26E866A99}.Release|Any CPU.Build.0 = Release|Any CPU
		{243CBCB0-4FD7-43B8-A6D1-27E26E866A99}.Release|x64.ActiveCfg = Release|x64
		{243CBCB0-4FD7-43B8-A6D1-27E26E866A99}.Release|x64.Build.0 = Release|x64
		{243CBCB0-4FD7-43B8-A6D1-27E26E866A99}.Release|x86.ActiveCfg = Release|x86
		{243CBCB0-4FD7-43B8-A6D1-27E26E866A99}.Release|x86.Build.0 = Release|x86
		{804DA432-10C6-418C-B323-99C4FDB5CB67}.Debug|Any CPU.ActiveCfg = Debug|Any CPU
		{804DA432-10C6-418C-B323-99C4FDB5CB67}.Debug|Any CPU.Build.0 = Debug|Any CPU
		{804DA432-10C6-418C-B323-99C4FDB5CB67}.Debug|x64.ActiveCfg = Debug|x64
		{804DA432-10C6-418C-B323-99C4FDB5CB67}.Debug|x64.Build.0 = Debug|x64
		{804DA432-10C6-418C-B323-99C4FDB5CB67}.Debug|x86.ActiveCfg = Debug|x86
		{804DA432-10C6-418C-B323-99C4FDB5CB67}.Debug|x86.Build.0 = Debug|x86
		{804DA432-10C6-418C-B323-99C4FDB5CB67}.Release|Any CPU.ActiveCfg = Release|Any CPU
		{804DA432-10C6-418C-B323-99C4FDB5CB67}.Release|Any CPU.Build.0 = Release|Any CPU
		{804DA432-10C6-418C-B323-99C4FDB5CB67}.Release|x64.ActiveCfg = Release|x64
		{804DA432-10C6-418C-B323-99C4FDB5CB67}.Release|x64.Build.0 = Release|x64
		{804DA432-10C6-418C-B323-99C4FDB5CB67}.Release|x86.ActiveCfg = Release|x86
		{804DA432-10C6-418C-B323-99C4FDB5CB67}.Release|x86.Build.0 = Release|x86
		{BE09A143-5EC5-4255-8024-C74622E1A5CE}.Debug|Any CPU.ActiveCfg = Debug|Any CPU
		{BE09A143-5EC5-4255-8024-C74622E1A5CE}.Debug|Any CPU.Build.0 = Debug|Any CPU
		{BE09A143-5EC5-4255-8024-C74622E1A5CE}.Debug|x64.ActiveCfg = Debug|x86
		{BE09A143-5EC5-4255-8024-C74622E1A5CE}.Debug|x86.ActiveCfg = Debug|x86
		{BE09A143-5EC5-4255-8024-C74622E1A5CE}.Debug|x86.Build.0 = Debug|x86
		{BE09A143-5EC5-4255-8024-C74622E1A5CE}.Release|Any CPU.ActiveCfg = Release|Any CPU
		{BE09A143-5EC5-4255-8024-C74622E1A5CE}.Release|Any CPU.Build.0 = Release|Any CPU
		{BE09A143-5EC5-4255-8024-C74622E1A5CE}.Release|x64.ActiveCfg = Release|x86
		{BE09A143-5EC5-4255-8024-C74622E1A5CE}.Release|x86.ActiveCfg = Release|x86
		{BE09A143-5EC5-4255-8024-C74622E1A5CE}.Release|x86.Build.0 = Release|x86
		{C1081265-6A9D-4087-8BB5-E907D86FD719}.Debug|Any CPU.ActiveCfg = Debug|Any CPU
		{C1081265-6A9D-4087-8BB5-E907D86FD719}.Debug|Any CPU.Build.0 = Debug|Any CPU
		{C1081265-6A9D-4087-8BB5-E907D86FD719}.Debug|x64.ActiveCfg = Debug|x64
		{C1081265-6A9D-4087-8BB5-E907D86FD719}.Debug|x64.Build.0 = Debug|x64
		{C1081265-6A9D-4087-8BB5-E907D86FD719}.Debug|x86.ActiveCfg = Debug|x86
		{C1081265-6A9D-4087-8BB5-E907D86FD719}.Debug|x86.Build.0 = Debug|x86
		{C1081265-6A9D-4087-8BB5-E907D86FD719}.Release|Any CPU.ActiveCfg = Release|Any CPU
		{C1081265-6A9D-4087-8BB5-E907D86FD719}.Release|Any CPU.Build.0 = Release|Any CPU
		{C1081265-6A9D-4087-8BB5-E907D86FD719}.Release|x64.ActiveCfg = Release|x64
		{C1081265-6A9D-4087-8BB5-E907D86FD719}.Release|x64.Build.0 = Release|x64
		{C1081265-6A9D-4087-8BB5-E907D86FD719}.Release|x86.ActiveCfg = Release|x86
		{C1081265-6A9D-4087-8BB5-E907D86FD719}.Release|x86.Build.0 = Release|x86
	EndGlobalSection
	GlobalSection(SolutionProperties) = preSolution
		HideSolutionNode = FALSE
	EndGlobalSection
	GlobalSection(NestedProjects) = preSolution
		{CDECE065-503A-4562-A955-06777B2F909E} = {25F1B99A-B8AA-435B-989B-F1C7C97094AD}
		{F24972EB-7291-497E-B4D7-9C2EACBE8E62} = {5969ADB4-4FDE-4385-986B-6C28A162AD78}
		{0B91F6E0-6127-4CF3-BF57-684092481454} = {029C328B-65C7-4254-A9C6-AD0ECFF1D827}
		{7DA02574-7700-4C1E-8CA1-315EBCCFC075} = {CAFA2E5E-DF1C-4982-A43C-031A03C89767}
		{07C4195B-DB4D-46C7-A118-4406D3029B52} = {CAFA2E5E-DF1C-4982-A43C-031A03C89767}
		{565FE5C8-EC97-41D0-AB9B-47B88ECCBC02} = {CAFA2E5E-DF1C-4982-A43C-031A03C89767}
		{9CEC0ECE-1C11-404E-A36B-FAF20CAA0620} = {CAFA2E5E-DF1C-4982-A43C-031A03C89767}
		{D3EC03C9-6949-4248-9248-058696208B0A} = {CAFA2E5E-DF1C-4982-A43C-031A03C89767}
		{2D684ED6-D36A-4997-88BA-250785F16C2A} = {CAFA2E5E-DF1C-4982-A43C-031A03C89767}
		{FDC7E306-EA56-49AE-B290-766C5A330EC0} = {CAFA2E5E-DF1C-4982-A43C-031A03C89767}
		{36847F61-9298-4448-88FA-E51CE1B68C5C} = {CAFA2E5E-DF1C-4982-A43C-031A03C89767}
		{68BBB444-FD03-4A01-BC2C-DB8C2CD3D328} = {CAFA2E5E-DF1C-4982-A43C-031A03C89767}
		{BE09A143-5EC5-4255-8024-C74622E1A5CE} = {CAFA2E5E-DF1C-4982-A43C-031A03C89767}
		{C1081265-6A9D-4087-8BB5-E907D86FD719} = {CAFA2E5E-DF1C-4982-A43C-031A03C89767}
		{5C331318-C23E-4EEB-AD1E-2EDEF85E0205} = {BDDBAC78-7ED0-4CA7-8B78-7D59C8A5403F}
		{6385C388-96F0-40F5-90A6-2B4838E0610E} = {7DA02574-7700-4C1E-8CA1-315EBCCFC075}
		{70AF596E-7D27-4D39-BDE7-89D4525BD60F} = {AF7464FB-5887-480E-8C7E-0490D8C4DE40}
		{E87E552B-C82F-4984-9249-631DAC727633} = {07C4195B-DB4D-46C7-A118-4406D3029B52}
		{206B8C0C-BC5A-40C3-822B-F17B638704FD} = {565FE5C8-EC97-41D0-AB9B-47B88ECCBC02}
		{0913D0AE-BDEC-4C3E-9551-D0A314BE9DE6} = {9CEC0ECE-1C11-404E-A36B-FAF20CAA0620}
		{5E7BEAC5-84D8-4BC5-9B53-8C7888FC9786} = {D3EC03C9-6949-4248-9248-058696208B0A}
		{C73CF657-456C-4397-B6A1-5DC8FA68AD48} = {FDC7E306-EA56-49AE-B290-766C5A330EC0}
		{243CBCB0-4FD7-43B8-A6D1-27E26E866A99} = {36847F61-9298-4448-88FA-E51CE1B68C5C}
		{804DA432-10C6-418C-B323-99C4FDB5CB67} = {68BBB444-FD03-4A01-BC2C-DB8C2CD3D328}
	EndGlobalSection
EndGlobal
