
Microsoft Visual Studio Solution File, Format Version 12.00
# Visual Studio Version 16
VisualStudioVersion = 16.0.29424.173
MinimumVisualStudioVersion = 10.0.40219.1
Project("{F184B08F-C81C-45F6-A57F-5ABD9991F28F}") = "RunAutomationConsole", "RunAutomationConsole.vbproj", "{1D02E6D8-E4E6-4D08-82C1-028AC9658DA7}"
EndProject
Project("{2150E333-8FDC-42A3-9474-1A3956D46DE8}") = "EwE", "EwE", "{4B82A8F4-0416-46D6-B5B8-7A47C80FF5E4}"
EndProject
Project("{2150E333-8FDC-42A3-9474-1A3956D46DE8}") = "Plugins", "Plugins", "{340B5DD2-86BF-44F6-8AD2-D7E77D265518}"
EndProject
Project("{F184B08F-C81C-45F6-A57F-5ABD9991F28F}") = "EwEUtils", "..\..\..\Sources\EwEUtils\EwEUtils.vbproj", "{5C331318-C23E-4EEB-AD1E-2EDEF85E0205}"
EndProject
Project("{F184B08F-C81C-45F6-A57F-5ABD9991F28F}") = "EwEPlugin", "..\..\..\Sources\EwEPlugin\EwEPlugin.vbproj", "{0B91F6E0-6127-4CF3-BF57-684092481454}"
EndProject
Project("{F184B08F-C81C-45F6-A57F-5ABD9991F28F}") = "EwECore", "..\..\..\Sources\EwECore\EwECore.vbproj", "{CDECE065-503A-4562-A955-06777B2F909E}"
EndProject
Project("{F184B08F-C81C-45F6-A57F-5ABD9991F28F}") = "ScientificInterfaceShared", "..\..\..\Sources\ScientificInterfaceShared\ScientificInterfaceShared.vbproj", "{70AF596E-7D27-4D39-BDE7-89D4525BD60F}"
EndProject
Project("{F184B08F-C81C-45F6-A57F-5ABD9991F28F}") = "EwEEcologicalIndicatorsPlugin", "..\..\..\Sources\EwECustomPlugins\EwEEcologicalIndicators\EwEEcologicalIndicatorsPlugin.vbproj", "{ADA9F604-2A16-4816-9FE5-31487778902D}"
EndProject
Project("{F184B08F-C81C-45F6-A57F-5ABD9991F28F}") = "EwEMPADynamicsPlugin", "..\..\..\Sources\EwECustomPlugins\EwEMPADynamicsPlugin\EwEMPADynamicsPlugin.vbproj", "{220FF584-9BFA-4872-949A-52C7A6877B65}"
EndProject
Project("{F184B08F-C81C-45F6-A57F-5ABD9991F28F}") = "EwESpatialAssetsPlugin", "..\..\Plugins\EwESpatialAssetsPlugin\EwESpatialAssetsPlugin.vbproj", "{C1081265-6A9D-4087-8BB5-E907D86FD719}"
EndProject
Project("{F184B08F-C81C-45F6-A57F-5ABD9991F28F}") = "EwEEcospaceSpinupPlugin", "..\..\Plugins\EwEEcospaceSpinupPlugin\EwEEcospaceSpinupPlugin.vbproj", "{1F96D4D5-D7EF-4E91-8D5E-C3CEC1778323}"
EndProject
Global
	GlobalSection(SolutionConfigurationPlatforms) = preSolution
		Debug|Any CPU = Debug|Any CPU
		Debug|x64 = Debug|x64
		Debug|x86 = Debug|x86
		Release|Any CPU = Release|Any CPU
		Release|x64 = Release|x64
		Release|x86 = Release|x86
	EndGlobalSection
	GlobalSection(ProjectConfigurationPlatforms) = postSolution
		{1D02E6D8-E4E6-4D08-82C1-028AC9658DA7}.Debug|Any CPU.ActiveCfg = Debug|Any CPU
		{1D02E6D8-E4E6-4D08-82C1-028AC9658DA7}.Debug|Any CPU.Build.0 = Debug|Any CPU
		{1D02E6D8-E4E6-4D08-82C1-028AC9658DA7}.Debug|x64.ActiveCfg = Debug|Any CPU
		{1D02E6D8-E4E6-4D08-82C1-028AC9658DA7}.Debug|x64.Build.0 = Debug|Any CPU
		{1D02E6D8-E4E6-4D08-82C1-028AC9658DA7}.Debug|x86.ActiveCfg = Debug|Any CPU
		{1D02E6D8-E4E6-4D08-82C1-028AC9658DA7}.Debug|x86.Build.0 = Debug|Any CPU
		{1D02E6D8-E4E6-4D08-82C1-028AC9658DA7}.Release|Any CPU.ActiveCfg = Release|Any CPU
		{1D02E6D8-E4E6-4D08-82C1-028AC9658DA7}.Release|Any CPU.Build.0 = Release|Any CPU
		{1D02E6D8-E4E6-4D08-82C1-028AC9658DA7}.Release|x64.ActiveCfg = Release|Any CPU
		{1D02E6D8-E4E6-4D08-82C1-028AC9658DA7}.Release|x64.Build.0 = Release|Any CPU
		{1D02E6D8-E4E6-4D08-82C1-028AC9658DA7}.Release|x86.ActiveCfg = Release|Any CPU
		{1D02E6D8-E4E6-4D08-82C1-028AC9658DA7}.Release|x86.Build.0 = Release|Any CPU
		{5C331318-C23E-4EEB-AD1E-2EDEF85E0205}.Debug|Any CPU.ActiveCfg = Debug|Any CPU
		{5C331318-C23E-4EEB-AD1E-2EDEF85E0205}.Debug|Any CPU.Build.0 = Debug|Any CPU
		{5C331318-C23E-4EEB-AD1E-2EDEF85E0205}.Debug|x64.ActiveCfg = Debug|x64
		{5C331318-C23E-4EEB-AD1E-2EDEF85E0205}.Debug|x64.Build.0 = Debug|x64
		{5C331318-C23E-4EEB-AD1E-2EDEF85E0205}.Debug|x86.ActiveCfg = Debug|x86
		{5C331318-C23E-4EEB-AD1E-2EDEF85E0205}.Debug|x86.Build.0 = Debug|x86
		{5C331318-C23E-4EEB-AD1E-2EDEF85E0205}.Release|Any CPU.ActiveCfg = Release|Any CPU
		{5C331318-C23E-4EEB-AD1E-2EDEF85E0205}.Release|Any CPU.Build.0 = Release|Any CPU
		{5C331318-C23E-4EEB-AD1E-2EDEF85E0205}.Release|x64.ActiveCfg = Release|x64
		{5C331318-C23E-4EEB-AD1E-2EDEF85E0205}.Release|x64.Build.0 = Release|x64
		{5C331318-C23E-4EEB-AD1E-2EDEF85E0205}.Release|x86.ActiveCfg = Release|x86
		{5C331318-C23E-4EEB-AD1E-2EDEF85E0205}.Release|x86.Build.0 = Release|x86
		{0B91F6E0-6127-4CF3-BF57-684092481454}.Debug|Any CPU.ActiveCfg = Debug|Any CPU
		{0B91F6E0-6127-4CF3-BF57-684092481454}.Debug|Any CPU.Build.0 = Debug|Any CPU
		{0B91F6E0-6127-4CF3-BF57-684092481454}.Debug|x64.ActiveCfg = Debug|x64
		{0B91F6E0-6127-4CF3-BF57-684092481454}.Debug|x64.Build.0 = Debug|x64
		{0B91F6E0-6127-4CF3-BF57-684092481454}.Debug|x86.ActiveCfg = Debug|x86
		{0B91F6E0-6127-4CF3-BF57-684092481454}.Debug|x86.Build.0 = Debug|x86
		{0B91F6E0-6127-4CF3-BF57-684092481454}.Release|Any CPU.ActiveCfg = Release|Any CPU
		{0B91F6E0-6127-4CF3-BF57-684092481454}.Release|Any CPU.Build.0 = Release|Any CPU
		{0B91F6E0-6127-4CF3-BF57-684092481454}.Release|x64.ActiveCfg = Release|x64
		{0B91F6E0-6127-4CF3-BF57-684092481454}.Release|x64.Build.0 = Release|x64
		{0B91F6E0-6127-4CF3-BF57-684092481454}.Release|x86.ActiveCfg = Release|x86
		{0B91F6E0-6127-4CF3-BF57-684092481454}.Release|x86.Build.0 = Release|x86
		{CDECE065-503A-4562-A955-06777B2F909E}.Debug|Any CPU.ActiveCfg = Debug|Any CPU
		{CDECE065-503A-4562-A955-06777B2F909E}.Debug|Any CPU.Build.0 = Debug|Any CPU
		{CDECE065-503A-4562-A955-06777B2F909E}.Debug|x64.ActiveCfg = Debug|x64
		{CDECE065-503A-4562-A955-06777B2F909E}.Debug|x64.Build.0 = Debug|x64
		{CDECE065-503A-4562-A955-06777B2F909E}.Debug|x86.ActiveCfg = Debug|x86
		{CDECE065-503A-4562-A955-06777B2F909E}.Debug|x86.Build.0 = Debug|x86
		{CDECE065-503A-4562-A955-06777B2F909E}.Release|Any CPU.ActiveCfg = Release|Any CPU
		{CDECE065-503A-4562-A955-06777B2F909E}.Release|Any CPU.Build.0 = Release|Any CPU
		{CDECE065-503A-4562-A955-06777B2F909E}.Release|x64.ActiveCfg = Release|x64
		{CDECE065-503A-4562-A955-06777B2F909E}.Release|x64.Build.0 = Release|x64
		{CDECE065-503A-4562-A955-06777B2F909E}.Release|x86.ActiveCfg = Release|x86
		{CDECE065-503A-4562-A955-06777B2F909E}.Release|x86.Build.0 = Release|x86
		{70AF596E-7D27-4D39-BDE7-89D4525BD60F}.Debug|Any CPU.ActiveCfg = Debug|Any CPU
		{70AF596E-7D27-4D39-BDE7-89D4525BD60F}.Debug|Any CPU.Build.0 = Debug|Any CPU
		{70AF596E-7D27-4D39-BDE7-89D4525BD60F}.Debug|x64.ActiveCfg = Debug|x64
		{70AF596E-7D27-4D39-BDE7-89D4525BD60F}.Debug|x64.Build.0 = Debug|x64
		{70AF596E-7D27-4D39-BDE7-89D4525BD60F}.Debug|x86.ActiveCfg = Debug|x86
		{70AF596E-7D27-4D39-BDE7-89D4525BD60F}.Debug|x86.Build.0 = Debug|x86
		{70AF596E-7D27-4D39-BDE7-89D4525BD60F}.Release|Any CPU.ActiveCfg = Release|Any CPU
		{70AF596E-7D27-4D39-BDE7-89D4525BD60F}.Release|Any CPU.Build.0 = Release|Any CPU
		{70AF596E-7D27-4D39-BDE7-89D4525BD60F}.Release|x64.ActiveCfg = Release|x64
		{70AF596E-7D27-4D39-BDE7-89D4525BD60F}.Release|x64.Build.0 = Release|x64
		{70AF596E-7D27-4D39-BDE7-89D4525BD60F}.Release|x86.ActiveCfg = Release|x86
		{70AF596E-7D27-4D39-BDE7-89D4525BD60F}.Release|x86.Build.0 = Release|x86
		{ADA9F604-2A16-4816-9FE5-31487778902D}.Debug|Any CPU.ActiveCfg = Debug|Any CPU
		{ADA9F604-2A16-4816-9FE5-31487778902D}.Debug|Any CPU.Build.0 = Debug|Any CPU
		{ADA9F604-2A16-4816-9FE5-31487778902D}.Debug|x64.ActiveCfg = Debug|x64
		{ADA9F604-2A16-4816-9FE5-31487778902D}.Debug|x64.Build.0 = Debug|x64
		{ADA9F604-2A16-4816-9FE5-31487778902D}.Debug|x86.ActiveCfg = Debug|x86
		{ADA9F604-2A16-4816-9FE5-31487778902D}.Debug|x86.Build.0 = Debug|x86
		{ADA9F604-2A16-4816-9FE5-31487778902D}.Release|Any CPU.ActiveCfg = Release|Any CPU
		{ADA9F604-2A16-4816-9FE5-31487778902D}.Release|Any CPU.Build.0 = Release|Any CPU
		{ADA9F604-2A16-4816-9FE5-31487778902D}.Release|x64.ActiveCfg = Release|x64
		{ADA9F604-2A16-4816-9FE5-31487778902D}.Release|x64.Build.0 = Release|x64
		{ADA9F604-2A16-4816-9FE5-31487778902D}.Release|x86.ActiveCfg = Release|x86
		{ADA9F604-2A16-4816-9FE5-31487778902D}.Release|x86.Build.0 = Release|x86
		{220FF584-9BFA-4872-949A-52C7A6877B65}.Debug|Any CPU.ActiveCfg = Debug|Any CPU
		{220FF584-9BFA-4872-949A-52C7A6877B65}.Debug|Any CPU.Build.0 = Debug|Any CPU
		{220FF584-9BFA-4872-949A-52C7A6877B65}.Debug|x64.ActiveCfg = Debug|x64
		{220FF584-9BFA-4872-949A-52C7A6877B65}.Debug|x64.Build.0 = Debug|x64
		{220FF584-9BFA-4872-949A-52C7A6877B65}.Debug|x86.ActiveCfg = Debug|x86
		{220FF584-9BFA-4872-949A-52C7A6877B65}.Debug|x86.Build.0 = Debug|x86
		{220FF584-9BFA-4872-949A-52C7A6877B65}.Release|Any CPU.ActiveCfg = Release|Any CPU
		{220FF584-9BFA-4872-949A-52C7A6877B65}.Release|Any CPU.Build.0 = Release|Any CPU
		{220FF584-9BFA-4872-949A-52C7A6877B65}.Release|x64.ActiveCfg = Release|x64
		{220FF584-9BFA-4872-949A-52C7A6877B65}.Release|x64.Build.0 = Release|x64
		{220FF584-9BFA-4872-949A-52C7A6877B65}.Release|x86.ActiveCfg = Release|x86
		{220FF584-9BFA-4872-949A-52C7A6877B65}.Release|x86.Build.0 = Release|x86
		{C1081265-6A9D-4087-8BB5-E907D86FD719}.Debug|Any CPU.ActiveCfg = Debug|Any CPU
		{C1081265-6A9D-4087-8BB5-E907D86FD719}.Debug|Any CPU.Build.0 = Debug|Any CPU
		{C1081265-6A9D-4087-8BB5-E907D86FD719}.Debug|x64.ActiveCfg = Debug|x64
		{C1081265-6A9D-4087-8BB5-E907D86FD719}.Debug|x64.Build.0 = Debug|x64
		{C1081265-6A9D-4087-8BB5-E907D86FD719}.Debug|x86.ActiveCfg = Debug|x86
		{C1081265-6A9D-4087-8BB5-E907D86FD719}.Debug|x86.Build.0 = Debug|x86
		{C1081265-6A9D-4087-8BB5-E907D86FD719}.Release|Any CPU.ActiveCfg = Release|Any CPU
		{C1081265-6A9D-4087-8BB5-E907D86FD719}.Release|Any CPU.Build.0 = Release|Any CPU
		{C1081265-6A9D-4087-8BB5-E907D86FD719}.Release|x64.ActiveCfg = Release|x64
		{C1081265-6A9D-4087-8BB5-E907D86FD719}.Release|x64.Build.0 = Release|x64
		{C1081265-6A9D-4087-8BB5-E907D86FD719}.Release|x86.ActiveCfg = Release|x86
		{C1081265-6A9D-4087-8BB5-E907D86FD719}.Release|x86.Build.0 = Release|x86
		{1F96D4D5-D7EF-4E91-8D5E-C3CEC1778323}.Debug|Any CPU.ActiveCfg = Debug|Any CPU
		{1F96D4D5-D7EF-4E91-8D5E-C3CEC1778323}.Debug|Any CPU.Build.0 = Debug|Any CPU
		{1F96D4D5-D7EF-4E91-8D5E-C3CEC1778323}.Debug|x64.ActiveCfg = Debug|x64
		{1F96D4D5-D7EF-4E91-8D5E-C3CEC1778323}.Debug|x64.Build.0 = Debug|x64
		{1F96D4D5-D7EF-4E91-8D5E-C3CEC1778323}.Debug|x86.ActiveCfg = Debug|x86
		{1F96D4D5-D7EF-4E91-8D5E-C3CEC1778323}.Debug|x86.Build.0 = Debug|x86
		{1F96D4D5-D7EF-4E91-8D5E-C3CEC1778323}.Release|Any CPU.ActiveCfg = Release|Any CPU
		{1F96D4D5-D7EF-4E91-8D5E-C3CEC1778323}.Release|Any CPU.Build.0 = Release|Any CPU
		{1F96D4D5-D7EF-4E91-8D5E-C3CEC1778323}.Release|x64.ActiveCfg = Release|x64
		{1F96D4D5-D7EF-4E91-8D5E-C3CEC1778323}.Release|x64.Build.0 = Release|x64
		{1F96D4D5-D7EF-4E91-8D5E-C3CEC1778323}.Release|x86.ActiveCfg = Release|x86
		{1F96D4D5-D7EF-4E91-8D5E-C3CEC1778323}.Release|x86.Build.0 = Release|x86
	EndGlobalSection
	GlobalSection(SolutionProperties) = preSolution
		HideSolutionNode = FALSE
	EndGlobalSection
	GlobalSection(NestedProjects) = preSolution
		{5C331318-C23E-4EEB-AD1E-2EDEF85E0205} = {4B82A8F4-0416-46D6-B5B8-7A47C80FF5E4}
		{0B91F6E0-6127-4CF3-BF57-684092481454} = {4B82A8F4-0416-46D6-B5B8-7A47C80FF5E4}
		{CDECE065-503A-4562-A955-06777B2F909E} = {4B82A8F4-0416-46D6-B5B8-7A47C80FF5E4}
		{70AF596E-7D27-4D39-BDE7-89D4525BD60F} = {4B82A8F4-0416-46D6-B5B8-7A47C80FF5E4}
		{ADA9F604-2A16-4816-9FE5-31487778902D} = {340B5DD2-86BF-44F6-8AD2-D7E77D265518}
		{220FF584-9BFA-4872-949A-52C7A6877B65} = {340B5DD2-86BF-44F6-8AD2-D7E77D265518}
		{C1081265-6A9D-4087-8BB5-E907D86FD719} = {340B5DD2-86BF-44F6-8AD2-D7E77D265518}
		{1F96D4D5-D7EF-4E91-8D5E-C3CEC1778323} = {340B5DD2-86BF-44F6-8AD2-D7E77D265518}
	EndGlobalSection
	GlobalSection(ExtensibilityGlobals) = postSolution
		SolutionGuid = {336590BC-9C4D-4A43-80AF-0D5B5631320A}
	EndGlobalSection
EndGlobal
