
Microsoft Visual Studio Solution File, Format Version 12.00
# Visual Studio 15
VisualStudioVersion = 15.0.27130.2027
MinimumVisualStudioVersion = 10.0.40219.1
Project("{FAE04EC0-301F-11D3-BF4B-00C04F79EFBC}") = "MEL", "MEL\MEL.csproj", "{54DBC672-2C00-49D5-8CD2-E3EEDF4F96AD}"
EndProject
Project("{F184B08F-C81C-45F6-A57F-5ABD9991F28F}") = "EwEShell", "..\..\EwEShell\EwEShell.vbproj", "{DDC5D15F-63F4-4B9D-AD24-A69D1D91C243}"
EndProject
Project("{2150E333-8FDC-42A3-9474-1A3956D46DE8}") = "EwE", "EwE", "{3D729416-97A0-4A7D-B5EA-5795E06FD914}"
EndProject
Project("{F184B08F-C81C-45F6-A57F-5ABD9991F28F}") = "EwEUtils", "..\..\..\..\..\Sources\EwEUtils\EwEUtils.vbproj", "{5C331318-C23E-4EEB-AD1E-2EDEF85E0205}"
EndProject
Project("{F184B08F-C81C-45F6-A57F-5ABD9991F28F}") = "EwEPlugin", "..\..\..\..\..\Sources\EwEPlugin\EwEPlugin.vbproj", "{0B91F6E0-6127-4CF3-BF57-684092481454}"
EndProject
Project("{F184B08F-C81C-45F6-A57F-5ABD9991F28F}") = "EwECore", "..\..\..\..\..\Sources\EwECore\EwECore.vbproj", "{CDECE065-503A-4562-A955-06777B2F909E}"
EndProject
Project("{2150E333-8FDC-42A3-9474-1A3956D46DE8}") = "NHTV", "NHTV", "{867A216C-B1EB-4E22-BF61-A060B6103B05}"
EndProject
Global
	GlobalSection(SolutionConfigurationPlatforms) = preSolution
		Debug|Any CPU = Debug|Any CPU
		Debug|x64 = Debug|x64
		Debug|x86 = Debug|x86
		Release|Any CPU = Release|Any CPU
		Release|x64 = Release|x64
		Release|x86 = Release|x86
	EndGlobalSection
	GlobalSection(ProjectConfigurationPlatforms) = postSolution
		{54DBC672-2C00-49D5-8CD2-E3EEDF4F96AD}.Debug|Any CPU.ActiveCfg = Debug|Any CPU
		{54DBC672-2C00-49D5-8CD2-E3EEDF4F96AD}.Debug|Any CPU.Build.0 = Debug|Any CPU
		{54DBC672-2C00-49D5-8CD2-E3EEDF4F96AD}.Debug|x64.ActiveCfg = Debug|Any CPU
		{54DBC672-2C00-49D5-8CD2-E3EEDF4F96AD}.Debug|x64.Build.0 = Debug|Any CPU
		{54DBC672-2C00-49D5-8CD2-E3EEDF4F96AD}.Debug|x86.ActiveCfg = Debug|Any CPU
		{54DBC672-2C00-49D5-8CD2-E3EEDF4F96AD}.Debug|x86.Build.0 = Debug|Any CPU
		{54DBC672-2C00-49D5-8CD2-E3EEDF4F96AD}.Release|Any CPU.ActiveCfg = Release|Any CPU
		{54DBC672-2C00-49D5-8CD2-E3EEDF4F96AD}.Release|Any CPU.Build.0 = Release|Any CPU
		{54DBC672-2C00-49D5-8CD2-E3EEDF4F96AD}.Release|x64.ActiveCfg = Release|Any CPU
		{54DBC672-2C00-49D5-8CD2-E3EEDF4F96AD}.Release|x64.Build.0 = Release|Any CPU
		{54DBC672-2C00-49D5-8CD2-E3EEDF4F96AD}.Release|x86.ActiveCfg = Release|Any CPU
		{54DBC672-2C00-49D5-8CD2-E3EEDF4F96AD}.Release|x86.Build.0 = Release|Any CPU
		{DDC5D15F-63F4-4B9D-AD24-A69D1D91C243}.Debug|Any CPU.ActiveCfg = Debug|Any CPU
		{DDC5D15F-63F4-4B9D-AD24-A69D1D91C243}.Debug|Any CPU.Build.0 = Debug|Any CPU
		{DDC5D15F-63F4-4B9D-AD24-A69D1D91C243}.Debug|x64.ActiveCfg = Debug|x64
		{DDC5D15F-63F4-4B9D-AD24-A69D1D91C243}.Debug|x64.Build.0 = Debug|x64
		{DDC5D15F-63F4-4B9D-AD24-A69D1D91C243}.Debug|x86.ActiveCfg = Debug|x86
		{DDC5D15F-63F4-4B9D-AD24-A69D1D91C243}.Debug|x86.Build.0 = Debug|x86
		{DDC5D15F-63F4-4B9D-AD24-A69D1D91C243}.Release|Any CPU.ActiveCfg = Release|Any CPU
		{DDC5D15F-63F4-4B9D-AD24-A69D1D91C243}.Release|Any CPU.Build.0 = Release|Any CPU
		{DDC5D15F-63F4-4B9D-AD24-A69D1D91C243}.Release|x64.ActiveCfg = Release|x64
		{DDC5D15F-63F4-4B9D-AD24-A69D1D91C243}.Release|x64.Build.0 = Release|x64
		{DDC5D15F-63F4-4B9D-AD24-A69D1D91C243}.Release|x86.ActiveCfg = Release|x86
		{DDC5D15F-63F4-4B9D-AD24-A69D1D91C243}.Release|x86.Build.0 = Release|x86
		{5C331318-C23E-4EEB-AD1E-2EDEF85E0205}.Debug|Any CPU.ActiveCfg = Debug|Any CPU
		{5C331318-C23E-4EEB-AD1E-2EDEF85E0205}.Debug|Any CPU.Build.0 = Debug|Any CPU
		{5C331318-C23E-4EEB-AD1E-2EDEF85E0205}.Debug|x64.ActiveCfg = Debug|x64
		{5C331318-C23E-4EEB-AD1E-2EDEF85E0205}.Debug|x64.Build.0 = Debug|x64
		{5C331318-C23E-4EEB-AD1E-2EDEF85E0205}.Debug|x86.ActiveCfg = Debug|x86
		{5C331318-C23E-4EEB-AD1E-2EDEF85E0205}.Debug|x86.Build.0 = Debug|x86
		{5C331318-C23E-4EEB-AD1E-2EDEF85E0205}.Release|Any CPU.ActiveCfg = Release|Any CPU
		{5C331318-C23E-4EEB-AD1E-2EDEF85E0205}.Release|Any CPU.Build.0 = Release|Any CPU
		{5C331318-C23E-4EEB-AD1E-2EDEF85E0205}.Release|x64.ActiveCfg = Release|x64
		{5C331318-C23E-4EEB-AD1E-2EDEF85E0205}.Release|x64.Build.0 = Release|x64
		{5C331318-C23E-4EEB-AD1E-2EDEF85E0205}.Release|x86.ActiveCfg = Release|x86
		{5C331318-C23E-4EEB-AD1E-2EDEF85E0205}.Release|x86.Build.0 = Release|x86
		{0B91F6E0-6127-4CF3-BF57-684092481454}.Debug|Any CPU.ActiveCfg = Debug|Any CPU
		{0B91F6E0-6127-4CF3-BF57-684092481454}.Debug|Any CPU.Build.0 = Debug|Any CPU
		{0B91F6E0-6127-4CF3-BF57-684092481454}.Debug|x64.ActiveCfg = Debug|x64
		{0B91F6E0-6127-4CF3-BF57-684092481454}.Debug|x64.Build.0 = Debug|x64
		{0B91F6E0-6127-4CF3-BF57-684092481454}.Debug|x86.ActiveCfg = Debug|x86
		{0B91F6E0-6127-4CF3-BF57-684092481454}.Debug|x86.Build.0 = Debug|x86
		{0B91F6E0-6127-4CF3-BF57-684092481454}.Release|Any CPU.ActiveCfg = Release|Any CPU
		{0B91F6E0-6127-4CF3-BF57-684092481454}.Release|Any CPU.Build.0 = Release|Any CPU
		{0B91F6E0-6127-4CF3-BF57-684092481454}.Release|x64.ActiveCfg = Release|x64
		{0B91F6E0-6127-4CF3-BF57-684092481454}.Release|x64.Build.0 = Release|x64
		{0B91F6E0-6127-4CF3-BF57-684092481454}.Release|x86.ActiveCfg = Release|x86
		{0B91F6E0-6127-4CF3-BF57-684092481454}.Release|x86.Build.0 = Release|x86
		{CDECE065-503A-4562-A955-06777B2F909E}.Debug|Any CPU.ActiveCfg = Debug|Any CPU
		{CDECE065-503A-4562-A955-06777B2F909E}.Debug|Any CPU.Build.0 = Debug|Any CPU
		{CDECE065-503A-4562-A955-06777B2F909E}.Debug|x64.ActiveCfg = Debug|x64
		{CDECE065-503A-4562-A955-06777B2F909E}.Debug|x64.Build.0 = Debug|x64
		{CDECE065-503A-4562-A955-06777B2F909E}.Debug|x86.ActiveCfg = Debug|x86
		{CDECE065-503A-4562-A955-06777B2F909E}.Debug|x86.Build.0 = Debug|x86
		{CDECE065-503A-4562-A955-06777B2F909E}.Release|Any CPU.ActiveCfg = Release|Any CPU
		{CDECE065-503A-4562-A955-06777B2F909E}.Release|Any CPU.Build.0 = Release|Any CPU
		{CDECE065-503A-4562-A955-06777B2F909E}.Release|x64.ActiveCfg = Release|x64
		{CDECE065-503A-4562-A955-06777B2F909E}.Release|x64.Build.0 = Release|x64
		{CDECE065-503A-4562-A955-06777B2F909E}.Release|x86.ActiveCfg = Release|x86
		{CDECE065-503A-4562-A955-06777B2F909E}.Release|x86.Build.0 = Release|x86
	EndGlobalSection
	GlobalSection(SolutionProperties) = preSolution
		HideSolutionNode = FALSE
	EndGlobalSection
	GlobalSection(NestedProjects) = preSolution
		{54DBC672-2C00-49D5-8CD2-E3EEDF4F96AD} = {867A216C-B1EB-4E22-BF61-A060B6103B05}
		{DDC5D15F-63F4-4B9D-AD24-A69D1D91C243} = {3D729416-97A0-4A7D-B5EA-5795E06FD914}
		{5C331318-C23E-4EEB-AD1E-2EDEF85E0205} = {3D729416-97A0-4A7D-B5EA-5795E06FD914}
		{0B91F6E0-6127-4CF3-BF57-684092481454} = {3D729416-97A0-4A7D-B5EA-5795E06FD914}
		{CDECE065-503A-4562-A955-06777B2F909E} = {3D729416-97A0-4A7D-B5EA-5795E06FD914}
	EndGlobalSection
	GlobalSection(ExtensibilityGlobals) = postSolution
		SolutionGuid = {4172BEB5-1756-40DA-B4FD-C2E509F89009}
	EndGlobalSection
EndGlobal
